
Microsoft Visual Studio Solution File, Format Version 12.00
# Visual Studio Version 16
VisualStudioVersion = 16.0.32126.315
MinimumVisualStudioVersion = 10.0.40219.1
Project("{FAE04EC0-301F-11D3-BF4B-00C04F79EFBC}") = "Crud", "Crud\Crud.csproj", "{D013AA8A-A962-4CBD-802E-0C05BE5389AE}"
EndProject
Global
	GlobalSection(SolutionConfigurationPlatforms) = preSolution
		Debug|Any CPU = Debug|Any CPU
		Release|Any CPU = Release|Any CPU
	EndGlobalSection
	GlobalSection(ProjectConfigurationPlatforms) = postSolution
		{D013AA8A-A962-4CBD-802E-0C05BE5389AE}.Debug|Any CPU.ActiveCfg = Debug|Any CPU
		{D013AA8A-A962-4CBD-802E-0C05BE5389AE}.Debug|Any CPU.Build.0 = Debug|Any CPU
		{D013AA8A-A962-4CBD-802E-0C05BE5389AE}.Release|Any CPU.ActiveCfg = Release|Any CPU
		{D013AA8A-A962-4CBD-802E-0C05BE5389AE}.Release|Any CPU.Build.0 = Release|Any CPU
	EndGlobalSection
	GlobalSection(SolutionProperties) = preSolution
		HideSolutionNode = FALSE
	EndGlobalSection
	GlobalSection(ExtensibilityGlobals) = postSolution
		SolutionGuid = {11E61505-34CD-40E7-8205-99A5074B0CC7}
	EndGlobalSection
EndGlobal
